
Microsoft Visual Studio Solution File, Format Version 12.00
# Visual Studio Version 17
VisualStudioVersion = 17.14.36301.6 d17.14
MinimumVisualStudioVersion = 10.0.40219.1
Project("{FAE04EC0-301F-11D3-BF4B-00C04F79EFBC}") = "api-powergate", "api-powergate.csproj", "{181F185F-F4C9-4AE2-B39C-A2B056C79DD2}"
EndProject
Global
	GlobalSection(SolutionConfigurationPlatforms) = preSolution
		Debug|Any CPU = Debug|Any CPU
		Release|Any CPU = Release|Any CPU
	EndGlobalSection
	GlobalSection(ProjectConfigurationPlatforms) = postSolution
		{181F185F-F4C9-4AE2-B39C-A2B056C79DD2}.Debug|Any CPU.ActiveCfg = Debug|Any CPU
		{181F185F-F4C9-4AE2-B39C-A2B056C79DD2}.Debug|Any CPU.Build.0 = Debug|Any CPU
		{181F185F-F4C9-4AE2-B39C-A2B056C79DD2}.Release|Any CPU.ActiveCfg = Release|Any CPU
		{181F185F-F4C9-4AE2-B39C-A2B056C79DD2}.Release|Any CPU.Build.0 = Release|Any CPU
	EndGlobalSection
	GlobalSection(SolutionProperties) = preSolution
		HideSolutionNode = FALSE
	EndGlobalSection
	GlobalSection(ExtensibilityGlobals) = postSolution
		SolutionGuid = {E96410ED-7652-42F7-9AE6-E6248C468CB2}
	EndGlobalSection
EndGlobal
